
Microsoft Visual Studio Solution File, Format Version 12.00
# Visual Studio Version 16
VisualStudioVersion = 16.0.32407.337
MinimumVisualStudioVersion = 10.0.40219.1
Project("{8BC9CEB8-8B4A-11D0-8D11-00A0C91BC942}") = "snowman", "snowman\snowman.vcxproj", "{DFCCBE17-B6CC-4D6A-AF18-A753061A6DE8}"
EndProject
Global
	GlobalSection(SolutionConfigurationPlatforms) = preSolution
		Debug|x64 = Debug|x64
		Debug|x86 = Debug|x86
		Release|x64 = Release|x64
		Release|x86 = Release|x86
	EndGlobalSection
	GlobalSection(ProjectConfigurationPlatforms) = postSolution
		{DFCCBE17-B6CC-4D6A-AF18-A753061A6DE8}.Debug|x64.ActiveCfg = Debug|x64
		{DFCCBE17-B6CC-4D6A-AF18-A753061A6DE8}.Debug|x64.Build.0 = Debug|x64
		{DFCCBE17-B6CC-4D6A-AF18-A753061A6DE8}.Debug|x86.ActiveCfg = Debug|Win32
		{DFCCBE17-B6CC-4D6A-AF18-A753061A6DE8}.Debug|x86.Build.0 = Debug|Win32
		{DFCCBE17-B6CC-4D6A-AF18-A753061A6DE8}.Release|x64.ActiveCfg = Release|x64
		{DFCCBE17-B6CC-4D6A-AF18-A753061A6DE8}.Release|x64.Build.0 = Release|x64
		{DFCCBE17-B6CC-4D6A-AF18-A753061A6DE8}.Release|x86.ActiveCfg = Release|Win32
		{DFCCBE17-B6CC-4D6A-AF18-A753061A6DE8}.Release|x86.Build.0 = Release|Win32
	EndGlobalSection
	GlobalSection(SolutionProperties) = preSolution
		HideSolutionNode = FALSE
	EndGlobalSection
	GlobalSection(ExtensibilityGlobals) = postSolution
		SolutionGuid = {97D42332-BABE-4F18-882D-D95FB1E218D2}
	EndGlobalSection
EndGlobal
